
Microsoft Visual Studio Solution File, Format Version 12.00
# Visual Studio Version 16
VisualStudioVersion = 16.0.30225.117
MinimumVisualStudioVersion = 10.0.40219.1
Project("{9A19103F-16F7-4668-BE54-9A1E7A4F7556}") = "InventoryManager.Application", "InventoryManager.Application\InventoryManager.csproj", "{AA88504D-3260-4292-B0DF-53C0CB4F2F5F}"
EndProject
Project("{FAE04EC0-301F-11D3-BF4B-00C04F79EFBC}") = "InventoryManager.Tests", "InventoryManager.Tests\InventoryManager.Tests.csproj", "{A2714A86-175C-4512-8C6D-D2AC920F874D}"
EndProject
Global
	GlobalSection(SolutionConfigurationPlatforms) = preSolution
		Debug|Any CPU = Debug|Any CPU
		Release|Any CPU = Release|Any CPU
	EndGlobalSection
	GlobalSection(ProjectConfigurationPlatforms) = postSolution
		{AA88504D-3260-4292-B0DF-53C0CB4F2F5F}.Debug|Any CPU.ActiveCfg = Debug|Any CPU
		{AA88504D-3260-4292-B0DF-53C0CB4F2F5F}.Debug|Any CPU.Build.0 = Debug|Any CPU
		{AA88504D-3260-4292-B0DF-53C0CB4F2F5F}.Release|Any CPU.ActiveCfg = Release|Any CPU
		{AA88504D-3260-4292-B0DF-53C0CB4F2F5F}.Release|Any CPU.Build.0 = Release|Any CPU
		{A2714A86-175C-4512-8C6D-D2AC920F874D}.Debug|Any CPU.ActiveCfg = Debug|Any CPU
		{A2714A86-175C-4512-8C6D-D2AC920F874D}.Debug|Any CPU.Build.0 = Debug|Any CPU
		{A2714A86-175C-4512-8C6D-D2AC920F874D}.Release|Any CPU.ActiveCfg = Release|Any CPU
		{A2714A86-175C-4512-8C6D-D2AC920F874D}.Release|Any CPU.Build.0 = Release|Any CPU
	EndGlobalSection
	GlobalSection(SolutionProperties) = preSolution
		HideSolutionNode = FALSE
	EndGlobalSection
	GlobalSection(ExtensibilityGlobals) = postSolution
		SolutionGuid = {57CF6567-32A7-4612-A68B-40FC708EF400}
	EndGlobalSection
EndGlobal

